
Microsoft Visual Studio Solution File, Format Version 12.00
# Visual Studio Version 16
VisualStudioVersion = 16.0.31515.178
MinimumVisualStudioVersion = 10.0.40219.1
Project("{9A19103F-16F7-4668-BE54-9A1E7A4F7556}") = "Todo.Api", "Todo.Api\Todo.Api.csproj", "{85587803-C0EB-42D9-AB1F-601E14F764C8}"
EndProject
Project("{9A19103F-16F7-4668-BE54-9A1E7A4F7556}") = "IndentityServer4", "IndentityServer4\IndentityServer4.csproj", "{ACEFC79B-3585-4D90-9FC2-EE66C69B1ACE}"
EndProject
Global
	GlobalSection(SolutionConfigurationPlatforms) = preSolution
		Debug|Any CPU = Debug|Any CPU
		Release|Any CPU = Release|Any CPU
	EndGlobalSection
	GlobalSection(ProjectConfigurationPlatforms) = postSolution
		{85587803-C0EB-42D9-AB1F-601E14F764C8}.Debug|Any CPU.ActiveCfg = Debug|Any CPU
		{85587803-C0EB-42D9-AB1F-601E14F764C8}.Debug|Any CPU.Build.0 = Debug|Any CPU
		{85587803-C0EB-42D9-AB1F-601E14F764C8}.Release|Any CPU.ActiveCfg = Release|Any CPU
		{85587803-C0EB-42D9-AB1F-601E14F764C8}.Release|Any CPU.Build.0 = Release|Any CPU
		{ACEFC79B-3585-4D90-9FC2-EE66C69B1ACE}.Debug|Any CPU.ActiveCfg = Debug|Any CPU
		{ACEFC79B-3585-4D90-9FC2-EE66C69B1ACE}.Debug|Any CPU.Build.0 = Debug|Any CPU
		{ACEFC79B-3585-4D90-9FC2-EE66C69B1ACE}.Release|Any CPU.ActiveCfg = Release|Any CPU
		{ACEFC79B-3585-4D90-9FC2-EE66C69B1ACE}.Release|Any CPU.Build.0 = Release|Any CPU
	EndGlobalSection
	GlobalSection(SolutionProperties) = preSolution
		HideSolutionNode = FALSE
	EndGlobalSection
	GlobalSection(ExtensibilityGlobals) = postSolution
		SolutionGuid = {FFE3A70F-FB7D-4CC4-AEDB-6B9609D78212}
	EndGlobalSection
EndGlobal
